// !$*UTF8*$!
{
	archiveVersion = 1;
	classes = {
	};
	objectVersion = 46;
	objects = {

/* Begin PBXBuildFile section */
		4D0DB8D91DBCA090001686F3 /* RxCocoa.framework in Frameworks */ = {isa = PBXBuildFile; fileRef = 4D0DB8D71DBCA090001686F3 /* RxCocoa.framework */; };
		4D0DB8DA1DBCA090001686F3 /* RxSwift.framework in Frameworks */ = {isa = PBXBuildFile; fileRef = 4D0DB8D81DBCA090001686F3 /* RxSwift.framework */; };
		4D0DB8DE1DBCACE9001686F3 /* LoginViewModel.swift in Sources */ = {isa = PBXBuildFile; fileRef = 4D0DB8DD1DBCACE9001686F3 /* LoginViewModel.swift */; };
		4D0DB8E01DBCAD81001686F3 /* User.swift in Sources */ = {isa = PBXBuildFile; fileRef = 4D0DB8DF1DBCAD81001686F3 /* User.swift */; };
		4D0DB8E21DBF9A3E001686F3 /* NGRValidator.framework in Frameworks */ = {isa = PBXBuildFile; fileRef = 4D0DB8E11DBF9A3E001686F3 /* NGRValidator.framework */; };
		4D0DB8E51DC5B07E001686F3 /* Const.swift in Sources */ = {isa = PBXBuildFile; fileRef = 4D0DB8E41DC5B07E001686F3 /* Const.swift */; };
		4D73EB281DBB768600A01265 /* AppDelegate.swift in Sources */ = {isa = PBXBuildFile; fileRef = 4D73EB271DBB768600A01265 /* AppDelegate.swift */; };
		4D73EB2A1DBB768600A01265 /* LoginViewController.swift in Sources */ = {isa = PBXBuildFile; fileRef = 4D73EB291DBB768600A01265 /* LoginViewController.swift */; };
		4D73EB2D1DBB768600A01265 /* Main.storyboard in Resources */ = {isa = PBXBuildFile; fileRef = 4D73EB2B1DBB768600A01265 /* Main.storyboard */; };
		4D73EB2F1DBB768600A01265 /* Assets.xcassets in Resources */ = {isa = PBXBuildFile; fileRef = 4D73EB2E1DBB768600A01265 /* Assets.xcassets */; };
		4D73EB321DBB768600A01265 /* LaunchScreen.storyboard in Resources */ = {isa = PBXBuildFile; fileRef = 4D73EB301DBB768600A01265 /* LaunchScreen.storyboard */; };
		4D73EB421DBBCC4D00A01265 /* Bond.framework in Frameworks */ = {isa = PBXBuildFile; fileRef = 4D73EB3F1DBBCC4D00A01265 /* Bond.framework */; };
		4D73EB431DBBCC4D00A01265 /* Realm.framework in Frameworks */ = {isa = PBXBuildFile; fileRef = 4D73EB401DBBCC4D00A01265 /* Realm.framework */; };
		4D73EB441DBBCC4D00A01265 /* RealmSwift.framework in Frameworks */ = {isa = PBXBuildFile; fileRef = 4D73EB411DBBCC4D00A01265 /* RealmSwift.framework */; };
		5B3981167DE21C453D0D874F /* Pods_myStepiPhone.framework in Frameworks */ = {isa = PBXBuildFile; fileRef = A6F5B3A86E7A1BB6D1224413 /* Pods_myStepiPhone.framework */; };
/* End PBXBuildFile section */

/* Begin PBXFileReference section */
		2F52EAE8020F70AF039228D5 /* Pods-myStepiPhone.debug.xcconfig */ = {isa = PBXFileReference; includeInIndex = 1; lastKnownFileType = text.xcconfig; name = "Pods-myStepiPhone.debug.xcconfig"; path = "Pods/Target Support Files/Pods-myStepiPhone/Pods-myStepiPhone.debug.xcconfig"; sourceTree = "<group>"; };
		365C673334DCF70E2E1438A5 /* Pods-myStepiPhone.release.xcconfig */ = {isa = PBXFileReference; includeInIndex = 1; lastKnownFileType = text.xcconfig; name = "Pods-myStepiPhone.release.xcconfig"; path = "Pods/Target Support Files/Pods-myStepiPhone/Pods-myStepiPhone.release.xcconfig"; sourceTree = "<group>"; };
		4D0DB8D71DBCA090001686F3 /* RxCocoa.framework */ = {isa = PBXFileReference; lastKnownFileType = wrapper.framework; name = RxCocoa.framework; path = "Pods/../build/Debug-iphoneos/RxCocoa/RxCocoa.framework"; sourceTree = "<group>"; };
		4D0DB8D81DBCA090001686F3 /* RxSwift.framework */ = {isa = PBXFileReference; lastKnownFileType = wrapper.framework; name = RxSwift.framework; path = "Pods/../build/Debug-iphoneos/RxSwift/RxSwift.framework"; sourceTree = "<group>"; };
		4D0DB8DD1DBCACE9001686F3 /* LoginViewModel.swift */ = {isa = PBXFileReference; fileEncoding = 4; lastKnownFileType = sourcecode.swift; path = LoginViewModel.swift; sourceTree = "<group>"; };
		4D0DB8DF1DBCAD81001686F3 /* User.swift */ = {isa = PBXFileReference; fileEncoding = 4; lastKnownFileType = sourcecode.swift; path = User.swift; sourceTree = "<group>"; };
		4D0DB8E11DBF9A3E001686F3 /* NGRValidator.framework */ = {isa = PBXFileReference; lastKnownFileType = wrapper.framework; name = NGRValidator.framework; path = "Pods/../build/Debug-iphoneos/ngrvalidator/NGRValidator.framework"; sourceTree = "<group>"; };
		4D0DB8E41DC5B07E001686F3 /* Const.swift */ = {isa = PBXFileReference; fileEncoding = 4; lastKnownFileType = sourcecode.swift; path = Const.swift; sourceTree = "<group>"; };
		4D73EB241DBB768600A01265 /* myStepiPhone.app */ = {isa = PBXFileReference; explicitFileType = wrapper.application; includeInIndex = 0; path = myStepiPhone.app; sourceTree = BUILT_PRODUCTS_DIR; };
		4D73EB271DBB768600A01265 /* AppDelegate.swift */ = {isa = PBXFileReference; lastKnownFileType = sourcecode.swift; path = AppDelegate.swift; sourceTree = "<group>"; };
		4D73EB291DBB768600A01265 /* LoginViewController.swift */ = {isa = PBXFileReference; lastKnownFileType = sourcecode.swift; path = LoginViewController.swift; sourceTree = "<group>"; };
		4D73EB2C1DBB768600A01265 /* Base */ = {isa = PBXFileReference; lastKnownFileType = file.storyboard; name = Base; path = Base.lproj/Main.storyboard; sourceTree = "<group>"; };
		4D73EB2E1DBB768600A01265 /* Assets.xcassets */ = {isa = PBXFileReference; lastKnownFileType = folder.assetcatalog; path = Assets.xcassets; sourceTree = "<group>"; };
		4D73EB311DBB768600A01265 /* Base */ = {isa = PBXFileReference; lastKnownFileType = file.storyboard; name = Base; path = Base.lproj/LaunchScreen.storyboard; sourceTree = "<group>"; };
		4D73EB331DBB768600A01265 /* Info.plist */ = {isa = PBXFileReference; lastKnownFileType = text.plist.xml; path = Info.plist; sourceTree = "<group>"; };
		4D73EB3F1DBBCC4D00A01265 /* Bond.framework */ = {isa = PBXFileReference; lastKnownFileType = wrapper.framework; name = Bond.framework; path = "../../../../Library/Developer/Xcode/DerivedData/myStepiPhone-hfimikhrjdencveyksjwrpgrchws/Build/Products/Debug-iphonesimulator/Bond/Bond.framework"; sourceTree = "<group>"; };
		4D73EB401DBBCC4D00A01265 /* Realm.framework */ = {isa = PBXFileReference; lastKnownFileType = wrapper.framework; name = Realm.framework; path = "../../../../Library/Developer/Xcode/DerivedData/myStepiPhone-hfimikhrjdencveyksjwrpgrchws/Build/Products/Debug-iphonesimulator/Realm/Realm.framework"; sourceTree = "<group>"; };
		4D73EB411DBBCC4D00A01265 /* RealmSwift.framework */ = {isa = PBXFileReference; lastKnownFileType = wrapper.framework; name = RealmSwift.framework; path = "../../../../Library/Developer/Xcode/DerivedData/myStepiPhone-hfimikhrjdencveyksjwrpgrchws/Build/Products/Debug-iphonesimulator/RealmSwift/RealmSwift.framework"; sourceTree = "<group>"; };
		A6F5B3A86E7A1BB6D1224413 /* Pods_myStepiPhone.framework */ = {isa = PBXFileReference; explicitFileType = wrapper.framework; includeInIndex = 0; path = Pods_myStepiPhone.framework; sourceTree = BUILT_PRODUCTS_DIR; };
/* End PBXFileReference section */

/* Begin PBXFrameworksBuildPhase section */
		4D73EB211DBB768600A01265 /* Frameworks */ = {
			isa = PBXFrameworksBuildPhase;
			buildActionMask = 2147483647;
			files = (
				4D0DB8E21DBF9A3E001686F3 /* NGRValidator.framework in Frameworks */,
				4D0DB8D91DBCA090001686F3 /* RxCocoa.framework in Frameworks */,
				4D0DB8DA1DBCA090001686F3 /* RxSwift.framework in Frameworks */,
				4D73EB421DBBCC4D00A01265 /* Bond.framework in Frameworks */,
				4D73EB431DBBCC4D00A01265 /* Realm.framework in Frameworks */,
				4D73EB441DBBCC4D00A01265 /* RealmSwift.framework in Frameworks */,
				5B3981167DE21C453D0D874F /* Pods_myStepiPhone.framework in Frameworks */,
			);
			runOnlyForDeploymentPostprocessing = 0;
		};
/* End PBXFrameworksBuildPhase section */

/* Begin PBXGroup section */
		4D0DB8E31DC5B06E001686F3 /* Const */ = {
			isa = PBXGroup;
			children = (
				4D0DB8E41DC5B07E001686F3 /* Const.swift */,
			);
			name = Const;
			sourceTree = "<group>";
		};
		4D73EB1B1DBB768600A01265 = {
			isa = PBXGroup;
			children = (
				4D73EB261DBB768600A01265 /* myStepiPhone */,
				4D73EB251DBB768600A01265 /* Products */,
				CB63D7CE3D2374DFA049257A /* Pods */,
				6CF4A7B1205F1767CD6B8BA5 /* Frameworks */,
			);
			sourceTree = "<group>";
		};
		4D73EB251DBB768600A01265 /* Products */ = {
			isa = PBXGroup;
			children = (
				4D73EB241DBB768600A01265 /* myStepiPhone.app */,
			);
			name = Products;
			sourceTree = "<group>";
		};
		4D73EB261DBB768600A01265 /* myStepiPhone */ = {
			isa = PBXGroup;
			children = (
				4D0DB8E31DC5B06E001686F3 /* Const */,
				4D73EB271DBB768600A01265 /* AppDelegate.swift */,
				4D73EB3D1DBB77A300A01265 /* View */,
				4D73EB3A1DBB773B00A01265 /* ViewController */,
				4D73EB3E1DBB77B000A01265 /* ViewModel */,
				4D73EB3B1DBB776400A01265 /* Model */,
				4D73EB3C1DBB777200A01265 /* Resource */,
			);
			path = myStepiPhone;
			sourceTree = "<group>";
		};
		4D73EB391DBB76F600A01265 /* StoryBoard */ = {
			isa = PBXGroup;
			children = (
				4D73EB2B1DBB768600A01265 /* Main.storyboard */,
				4D73EB301DBB768600A01265 /* LaunchScreen.storyboard */,
			);
			name = StoryBoard;
			sourceTree = "<group>";
		};
		4D73EB3A1DBB773B00A01265 /* ViewController */ = {
			isa = PBXGroup;
			children = (
				4D73EB291DBB768600A01265 /* LoginViewController.swift */,
			);
			name = ViewController;
			sourceTree = "<group>";
		};
		4D73EB3B1DBB776400A01265 /* Model */ = {
			isa = PBXGroup;
			children = (
				4D0DB8DF1DBCAD81001686F3 /* User.swift */,
			);
			name = Model;
			sourceTree = "<group>";
		};
		4D73EB3C1DBB777200A01265 /* Resource */ = {
			isa = PBXGroup;
			children = (
				4D73EB2E1DBB768600A01265 /* Assets.xcassets */,
				4D73EB331DBB768600A01265 /* Info.plist */,
			);
			name = Resource;
			sourceTree = "<group>";
		};
		4D73EB3D1DBB77A300A01265 /* View */ = {
			isa = PBXGroup;
			children = (
				4D73EB391DBB76F600A01265 /* StoryBoard */,
			);
			name = View;
			sourceTree = "<group>";
		};
		4D73EB3E1DBB77B000A01265 /* ViewModel */ = {
			isa = PBXGroup;
			children = (
				4D0DB8DD1DBCACE9001686F3 /* LoginViewModel.swift */,
			);
			name = ViewModel;
			sourceTree = "<group>";
		};
		6CF4A7B1205F1767CD6B8BA5 /* Frameworks */ = {
			isa = PBXGroup;
			children = (
				4D0DB8E11DBF9A3E001686F3 /* NGRValidator.framework */,
				4D0DB8D71DBCA090001686F3 /* RxCocoa.framework */,
				4D0DB8D81DBCA090001686F3 /* RxSwift.framework */,
				4D73EB3F1DBBCC4D00A01265 /* Bond.framework */,
				4D73EB401DBBCC4D00A01265 /* Realm.framework */,
				4D73EB411DBBCC4D00A01265 /* RealmSwift.framework */,
				A6F5B3A86E7A1BB6D1224413 /* Pods_myStepiPhone.framework */,
			);
			name = Frameworks;
			sourceTree = "<group>";
		};
		CB63D7CE3D2374DFA049257A /* Pods */ = {
			isa = PBXGroup;
			children = (
				2F52EAE8020F70AF039228D5 /* Pods-myStepiPhone.debug.xcconfig */,
				365C673334DCF70E2E1438A5 /* Pods-myStepiPhone.release.xcconfig */,
			);
			name = Pods;
			sourceTree = "<group>";
		};
/* End PBXGroup section */

/* Begin PBXNativeTarget section */
		4D73EB231DBB768600A01265 /* myStepiPhone */ = {
			isa = PBXNativeTarget;
			buildConfigurationList = 4D73EB361DBB768600A01265 /* Build configuration list for PBXNativeTarget "myStepiPhone" */;
			buildPhases = (
				56B33C8CFE6A53DD95DF966F /* [CP] Check Pods Manifest.lock */,
				4D73EB201DBB768600A01265 /* Sources */,
				4D73EB211DBB768600A01265 /* Frameworks */,
				4D73EB221DBB768600A01265 /* Resources */,
				97C2C87F801D0FF287904851 /* [CP] Embed Pods Frameworks */,
				8456BA4909AD9C20517F85E3 /* [CP] Copy Pods Resources */,
			);
			buildRules = (
			);
			dependencies = (
			);
			name = myStepiPhone;
			productName = myStepiPhone;
			productReference = 4D73EB241DBB768600A01265 /* myStepiPhone.app */;
			productType = "com.apple.product-type.application";
		};
/* End PBXNativeTarget section */

/* Begin PBXProject section */
		4D73EB1C1DBB768600A01265 /* Project object */ = {
			isa = PBXProject;
			attributes = {
				LastSwiftUpdateCheck = 0730;
				LastUpgradeCheck = 0730;
				ORGANIZATIONNAME = "Kaoru Hotate";
				TargetAttributes = {
					4D73EB231DBB768600A01265 = {
						CreatedOnToolsVersion = 7.3.1;
					};
				};
			};
			buildConfigurationList = 4D73EB1F1DBB768600A01265 /* Build configuration list for PBXProject "myStepiPhone" */;
			compatibilityVersion = "Xcode 3.2";
			developmentRegion = English;
			hasScannedForEncodings = 0;
			knownRegions = (
				en,
				Base,
			);
			mainGroup = 4D73EB1B1DBB768600A01265;
			productRefGroup = 4D73EB251DBB768600A01265 /* Products */;
			projectDirPath = "";
			projectRoot = "";
			targets = (
				4D73EB231DBB768600A01265 /* myStepiPhone */,
			);
		};
/* End PBXProject section */

/* Begin PBXResourcesBuildPhase section */
		4D73EB221DBB768600A01265 /* Resources */ = {
			isa = PBXResourcesBuildPhase;
			buildActionMask = 2147483647;
			files = (
				4D73EB321DBB768600A01265 /* LaunchScreen.storyboard in Resources */,
				4D73EB2F1DBB768600A01265 /* Assets.xcassets in Resources */,
				4D73EB2D1DBB768600A01265 /* Main.storyboard in Resources */,
			);
			runOnlyForDeploymentPostprocessing = 0;
		};
/* End PBXResourcesBuildPhase section */

/* Begin PBXShellScriptBuildPhase section */
		56B33C8CFE6A53DD95DF966F /* [CP] Check Pods Manifest.lock */ = {
			isa = PBXShellScriptBuildPhase;
			buildActionMask = 2147483647;
			files = (
			);
			inputPaths = (
			);
			name = "[CP] Check Pods Manifest.lock";
			outputPaths = (
			);
			runOnlyForDeploymentPostprocessing = 0;
			shellPath = /bin/sh;
			shellScript = "diff \"${PODS_ROOT}/../Podfile.lock\" \"${PODS_ROOT}/Manifest.lock\" > /dev/null\nif [ $? != 0 ] ; then\n    # print error to STDERR\n    echo \"error: The sandbox is not in sync with the Podfile.lock. Run 'pod install' or update your CocoaPods installation.\" >&2\n    exit 1\nfi\n";
			showEnvVarsInLog = 0;
		};
		8456BA4909AD9C20517F85E3 /* [CP] Copy Pods Resources */ = {
			isa = PBXShellScriptBuildPhase;
			buildActionMask = 2147483647;
			files = (
			);
			inputPaths = (
			);
			name = "[CP] Copy Pods Resources";
			outputPaths = (
			);
			runOnlyForDeploymentPostprocessing = 0;
			shellPath = /bin/sh;
			shellScript = "\"${SRCROOT}/Pods/Target Support Files/Pods-myStepiPhone/Pods-myStepiPhone-resources.sh\"\n";
			showEnvVarsInLog = 0;
		};
		97C2C87F801D0FF287904851 /* [CP] Embed Pods Frameworks */ = {
			isa = PBXShellScriptBuildPhase;
			buildActionMask = 2147483647;
			files = (
			);
			inputPaths = (
			);
			name = "[CP] Embed Pods Frameworks";
			outputPaths = (
			);
			runOnlyForDeploymentPostprocessing = 0;
			shellPath = /bin/sh;
			shellScript = "\"${SRCROOT}/Pods/Target Support Files/Pods-myStepiPhone/Pods-myStepiPhone-frameworks.sh\"\n";
			showEnvVarsInLog = 0;
		};
/* End PBXShellScriptBuildPhase section */

/* Begin PBXSourcesBuildPhase section */
		4D73EB201DBB768600A01265 /* Sources */ = {
			isa = PBXSourcesBuildPhase;
			buildActionMask = 2147483647;
			files = (
				4D0DB8E01DBCAD81001686F3 /* User.swift in Sources */,
				4D73EB2A1DBB768600A01265 /* LoginViewController.swift in Sources */,
				4D73EB281DBB768600A01265 /* AppDelegate.swift in Sources */,
				4D0DB8DE1DBCACE9001686F3 /* LoginViewModel.swift in Sources */,
				4D0DB8E51DC5B07E001686F3 /* Const.swift in Sources */,
			);
			runOnlyForDeploymentPostprocessing = 0;
		};
/* End PBXSourcesBuildPhase section */

/* Begin PBXVariantGroup section */
		4D73EB2B1DBB768600A01265 /* Main.storyboard */ = {
			isa = PBXVariantGroup;
			children = (
				4D73EB2C1DBB768600A01265 /* Base */,
			);
			name = Main.storyboard;
			sourceTree = "<group>";
		};
		4D73EB301DBB768600A01265 /* LaunchScreen.storyboard */ = {
			isa = PBXVariantGroup;
			children = (
				4D73EB311DBB768600A01265 /* Base */,
			);
			name = LaunchScreen.storyboard;
			sourceTree = "<group>";
		};
/* End PBXVariantGroup section */

/* Begin XCBuildConfiguration section */
		4D73EB341DBB768600A01265 /* Debug */ = {
			isa = XCBuildConfiguration;
			buildSettings = {
				ALWAYS_SEARCH_USER_PATHS = NO;
				CLANG_ANALYZER_NONNULL = YES;
				CLANG_CXX_LANGUAGE_STANDARD = "gnu++0x";
				CLANG_CXX_LIBRARY = "libc++";
				CLANG_ENABLE_MODULES = YES;
				CLANG_ENABLE_OBJC_ARC = YES;
				CLANG_WARN_BOOL_CONVERSION = YES;
				CLANG_WARN_CONSTANT_CONVERSION = YES;
				CLANG_WARN_DIRECT_OBJC_ISA_USAGE = YES_ERROR;
				CLANG_WARN_EMPTY_BODY = YES;
				CLANG_WARN_ENUM_CONVERSION = YES;
				CLANG_WARN_INT_CONVERSION = YES;
				CLANG_WARN_OBJC_ROOT_CLASS = YES_ERROR;
				CLANG_WARN_UNREACHABLE_CODE = YES;
				CLANG_WARN__DUPLICATE_METHOD_MATCH = YES;
				"CODE_SIGN_IDENTITY[sdk=iphoneos*]" = "iPhone Developer";
				COPY_PHASE_STRIP = NO;
				DEBUG_INFORMATION_FORMAT = dwarf;
				ENABLE_STRICT_OBJC_MSGSEND = YES;
				ENABLE_TESTABILITY = YES;
				GCC_C_LANGUAGE_STANDARD = gnu99;
				GCC_DYNAMIC_NO_PIC = NO;
				GCC_NO_COMMON_BLOCKS = YES;
				GCC_OPTIMIZATION_LEVEL = 0;
				GCC_PREPROCESSOR_DEFINITIONS = (
					"DEBUG=1",
					"$(inherited)",
				);
				GCC_WARN_64_TO_32_BIT_CONVERSION = YES;
				GCC_WARN_ABOUT_RETURN_TYPE = YES_ERROR;
				GCC_WARN_UNDECLARED_SELECTOR = YES;
				GCC_WARN_UNINITIALIZED_AUTOS = YES_AGGRESSIVE;
				GCC_WARN_UNUSED_FUNCTION = YES;
				GCC_WARN_UNUSED_VARIABLE = YES;
				IPHONEOS_DEPLOYMENT_TARGET = 9.3;
				MTL_ENABLE_DEBUG_INFO = YES;
				ONLY_ACTIVE_ARCH = YES;
				SDKROOT = iphoneos;
				SWIFT_OPTIMIZATION_LEVEL = "-Onone";
			};
			name = Debug;
		};
		4D73EB351DBB768600A01265 /* Release */ = {
			isa = XCBuildConfiguration;
			buildSettings = {
				ALWAYS_SEARCH_USER_PATHS = NO;
				CLANG_ANALYZER_NONNULL = YES;
				CLANG_CXX_LANGUAGE_STANDARD = "gnu++0x";
				CLANG_CXX_LIBRARY = "libc++";
				CLANG_ENABLE_MODULES = YES;
				CLANG_ENABLE_OBJC_ARC = YES;
				CLANG_WARN_BOOL_CONVERSION = YES;
				CLANG_WARN_CONSTANT_CONVERSION = YES;
				CLANG_WARN_DIRECT_OBJC_ISA_USAGE = YES_ERROR;
				CLANG_WARN_EMPTY_BODY = YES;
				CLANG_WARN_ENUM_CONVERSION = YES;
				CLANG_WARN_INT_CONVERSION = YES;
				CLANG_WARN_OBJC_ROOT_CLASS = YES_ERROR;
				CLANG_WARN_UNREACHABLE_CODE = YES;
				CLANG_WARN__DUPLICATE_METHOD_MATCH = YES;
				"CODE_SIGN_IDENTITY[sdk=iphoneos*]" = "iPhone Developer";
				COPY_PHASE_STRIP = NO;
				DEBUG_INFORMATION_FORMAT = "dwarf-with-dsym";
				ENABLE_NS_ASSERTIONS = NO;
				ENABLE_STRICT_OBJC_MSGSEND = YES;
				GCC_C_LANGUAGE_STANDARD = gnu99;
				GCC_NO_COMMON_BLOCKS = YES;
				GCC_WARN_64_TO_32_BIT_CONVERSION = YES;
				GCC_WARN_ABOUT_RETURN_TYPE = YES_ERROR;
				GCC_WARN_UNDECLARED_SELECTOR = YES;
				GCC_WARN_UNINITIALIZED_AUTOS = YES_AGGRESSIVE;
				GCC_WARN_UNUSED_FUNCTION = YES;
				GCC_WARN_UNUSED_VARIABLE = YES;
				IPHONEOS_DEPLOYMENT_TARGET = 9.3;
				MTL_ENABLE_DEBUG_INFO = NO;
				SDKROOT = iphoneos;
				VALIDATE_PRODUCT = YES;
			};
			name = Release;
		};
		4D73EB371DBB768600A01265 /* Debug */ = {
			isa = XCBuildConfiguration;
			baseConfigurationReference = 2F52EAE8020F70AF039228D5 /* Pods-myStepiPhone.debug.xcconfig */;
			buildSettings = {
				ASSETCATALOG_COMPILER_APPICON_NAME = AppIcon;
				FRAMEWORK_SEARCH_PATHS = (
					"$(inherited)",
					"$(PROJECT_DIR)/build/Debug-iphoneos/RxCocoa",
					"$(PROJECT_DIR)/build/Debug-iphoneos/RxSwift",
					"$(PROJECT_DIR)/build/Debug-iphoneos/ngrvalidator",
				);
				INFOPLIST_FILE = myStepiPhone/Info.plist;
				LD_RUNPATH_SEARCH_PATHS = "$(inherited) @executable_path/Frameworks";
				PRODUCT_BUNDLE_IDENTIFIER = hotate.myStepiPhone;
				PRODUCT_NAME = "$(TARGET_NAME)";
				TARGETED_DEVICE_FAMILY = 1;
			};
			name = Debug;
		};
		4D73EB381DBB768600A01265 /* Release */ = {
			isa = XCBuildConfiguration;
			baseConfigurationReference = 365C673334DCF70E2E1438A5 /* Pods-myStepiPhone.release.xcconfig */;
			buildSettings = {
				ASSETCATALOG_COMPILER_APPICON_NAME = AppIcon;
				FRAMEWORK_SEARCH_PATHS = (
					"$(inherited)",
					"$(PROJECT_DIR)/build/Debug-iphoneos/RxCocoa",
					"$(PROJECT_DIR)/build/Debug-iphoneos/RxSwift",
					"$(PROJECT_DIR)/build/Debug-iphoneos/ngrvalidator",
				);
				INFOPLIST_FILE = myStepiPhone/Info.plist;
				LD_RUNPATH_SEARCH_PATHS = "$(inherited) @executable_path/Frameworks";
				PRODUCT_BUNDLE_IDENTIFIER = hotate.myStepiPhone;
				PRODUCT_NAME = "$(TARGET_NAME)";
				TARGETED_DEVICE_FAMILY = 1;
			};
			name = Release;
		};
/* End XCBuildConfiguration section */

/* Begin XCConfigurationList section */
		4D73EB1F1DBB768600A01265 /* Build configuration list for PBXProject "myStepiPhone" */ = {
			isa = XCConfigurationList;
			buildConfigurations = (
				4D73EB341DBB768600A01265 /* Debug */,
				4D73EB351DBB768600A01265 /* Release */,
			);
			defaultConfigurationIsVisible = 0;
			defaultConfigurationName = Release;
		};
		4D73EB361DBB768600A01265 /* Build configuration list for PBXNativeTarget "myStepiPhone" */ = {
			isa = XCConfigurationList;
			buildConfigurations = (
				4D73EB371DBB768600A01265 /* Debug */,
				4D73EB381DBB768600A01265 /* Release */,
			);
			defaultConfigurationIsVisible = 0;
			defaultConfigurationName = Release;
		};
/* End XCConfigurationList section */
	};
	rootObject = 4D73EB1C1DBB768600A01265 /* Project object */;
}
